<?xml version="1.0" encoding="utf-8"?>
<Project ToolsVersion="4.0" xmlns="http://schemas.microsoft.com/developer/msbuild/2003">
  <ItemGroup>
    <Filter Include="Headers">
      <UniqueIdentifier>{93995380-89BD-4b04-88EB-625FBE52EBFB}</UniqueIdentifier>
      <Extensions>h;hh;hpp;hxx;hm;inl;inc;xsd</Extensions>
    </Filter>
    <Filter Include="Sources">
      <UniqueIdentifier>{4FC737F1-C7A5-4376-A066-2A32D752A2FF}</UniqueIdentifier>
      <Extensions>cpp;c;cc;cxx;def;odl;idl;hpj;bat;asm;asmx</Extensions>
    </Filter>
    <Filter Include="Resources">
      <UniqueIdentifier>{67DA6AB6-F800-4c08-8B7A-83BB121AAD01}</UniqueIdentifier>
      <Extensions>rc;ico;cur;bmp;dlg;rc2;rct;bin;rgs;gif;jpg;jpeg;jpe;resx;tiff;tif;png;wav;mfcribbon-ms</Extensions>
    </Filter>
  </ItemGroup>
  <ItemGroup>
    <ClCompile Include="..\..\..\src\extract\crc.cpp">
      <Filter>Sources</Filter>
    </ClCompile>
    <ClCompile Include="..\..\..\src\extract\extractfiles.cpp">
      <Filter>Sources</Filter>
    </ClCompile>
    <ClCompile Include="..\..\..\src\extract\extractpxt.cpp">
      <Filter>Sources</Filter>
    </ClCompile>
    <ClCompile Include="..\..\..\src\extract\extractstages.cpp">
      <Filter>Sources</Filter>
    </ClCompile>
    <ClCompile Include="..\..\..\src\extract\main.cpp">
      <Filter>Sources</Filter>
    </ClCompile>
    <ClCompile Include="..\..\..\src\common\misc.cpp">
      <Filter>Sources</Filter>
    </ClCompile>
    <ClCompile Include="..\..\..\src\stagedata.cpp">
      <Filter>Sources</Filter>
    </ClCompile>
    <ClCompile Include="..\..\..\src\Utils\Logger.cpp">
      <Filter>Sources</Filter>
    </ClCompile>
  </ItemGroup>
  <ItemGroup>
    <ClInclude Include="..\..\..\src\extract\crc.h">
      <Filter>Headers</Filter>
    </ClInclude>
    <ClInclude Include="..\..\..\src\extract\extractfiles.h">
      <Filter>Headers</Filter>
    </ClInclude>
    <ClInclude Include="..\..\..\src\extract\extractpxt.h">
      <Filter>Headers</Filter>
    </ClInclude>
    <ClInclude Include="..\..\..\src\extract\extractstages.h">
      <Filter>Headers</Filter>
    </ClInclude>
    <ClInclude Include="..\..\..\src\common\misc.h">
      <Filter>Headers</Filter>
    </ClInclude>
    <ClInclude Include="..\..\..\src\stagedata.h">
      <Filter>Headers</Filter>
    </ClInclude>
    <ClInclude Include="..\..\..\src\Utils\Logger.h">
      <Filter>Headers</Filter>
    </ClInclude>
  </ItemGroup>
</Project>